# This file is automatically @generated by Cargo.
# It is not intended for manual editing.
version = 3

[[package]]
name = "bind"
version = "0.1.0"

[[package]]
name = "emb"
version = "0.1.0"

[[package]]
name = "exec"
version = "0.1.0"

[[package]]
name = "g2p"
version = "0.1.0"

[[package]]
name = "onnx"
version = "0.1.0"

[[package]]
name = "ota"
version = "0.1.0"
